
Microsoft Visual Studio Solution File, Format Version 11.00
# Visual Studio 2010
Project("{FAE04EC0-301F-11D3-BF4B-00C04F79EFBC}") = "Assembly-CSharp", "Assembly-CSharp.csproj", "{FE3A57EA-FFF3-8A44-461A-A38A8BF78E3C}"
EndProject
Project("{FAE04EC0-301F-11D3-BF4B-00C04F79EFBC}") = "Assembly-CSharp-Editor", "Assembly-CSharp-Editor.csproj", "{3CA90ACE-04E0-D6C0-DD43-3801DEB63870}"
EndProject
Global
	GlobalSection(SolutionConfigurationPlatforms) = preSolution
		Debug|Any CPU = Debug|Any CPU
		Release|Any CPU = Release|Any CPU
	EndGlobalSection
	GlobalSection(ProjectConfigurationPlatforms) = postSolution
		{FE3A57EA-FFF3-8A44-461A-A38A8BF78E3C}.Debug|Any CPU.ActiveCfg = Debug|Any CPU
		{FE3A57EA-FFF3-8A44-461A-A38A8BF78E3C}.Debug|Any CPU.Build.0 = Debug|Any CPU
		{FE3A57EA-FFF3-8A44-461A-A38A8BF78E3C}.Release|Any CPU.ActiveCfg = Release|Any CPU
		{FE3A57EA-FFF3-8A44-461A-A38A8BF78E3C}.Release|Any CPU.Build.0 = Release|Any CPU
		{3CA90ACE-04E0-D6C0-DD43-3801DEB63870}.Debug|Any CPU.ActiveCfg = Debug|Any CPU
		{3CA90ACE-04E0-D6C0-DD43-3801DEB63870}.Debug|Any CPU.Build.0 = Debug|Any CPU
		{3CA90ACE-04E0-D6C0-DD43-3801DEB63870}.Release|Any CPU.ActiveCfg = Release|Any CPU
		{3CA90ACE-04E0-D6C0-DD43-3801DEB63870}.Release|Any CPU.Build.0 = Release|Any CPU
	EndGlobalSection
	GlobalSection(SolutionProperties) = preSolution
		HideSolutionNode = FALSE
	EndGlobalSection
EndGlobal
